
Microsoft Visual Studio Solution File, Format Version 12.00
# Visual Studio Version 17
VisualStudioVersion = 17.14.37301.10
MinimumVisualStudioVersion = 10.0.40219.1
Project("{FAE04EC0-301F-11D3-BF4B-00C04F79EFBC}") = "DAWSistema", "DAWSistema\DAWSistema.csproj", "{F2F39FB8-CAA0-4084-94F4-33A96084C611}"
EndProject
Project("{FAE04EC0-301F-11D3-BF4B-00C04F79EFBC}") = "BE", "BE\BE.csproj", "{B779790C-2867-40C8-B6AA-C38916ECBFBE}"
EndProject
Project("{FAE04EC0-301F-11D3-BF4B-00C04F79EFBC}") = "BLL", "BLL\BLL.csproj", "{7C8DEDFA-B3D0-4FEF-BA8D-7DDFE889FE7C}"
EndProject
Project("{FAE04EC0-301F-11D3-BF4B-00C04F79EFBC}") = "DAL", "DAL\DAL.csproj", "{3A5C7458-2374-4E7E-98A4-1AF3D1049C51}"
EndProject
Project("{2150E333-8FDC-42A3-9474-1A3956D46DE8}") = "Imagenes", "Imagenes", "{02EA681E-C7D8-13C7-8484-4AC65E1B71E8}"
	ProjectSection(SolutionItems) = preProject
		..\..\..\AppData\Local\Packages\5319275A.WhatsAppDesktop_cv1g1gvanyjgm\LocalState\sessions\FE97BEFCD4E6F2EC2EF7DD2D1ADFC4D6E546EA1E\transfers\2026-23\WhatsApp Image 2026-06-08 at 11.45.19.jpeg = ..\..\..\AppData\Local\Packages\5319275A.WhatsAppDesktop_cv1g1gvanyjgm\LocalState\sessions\FE97BEFCD4E6F2EC2EF7DD2D1ADFC4D6E546EA1E\transfers\2026-23\WhatsApp Image 2026-06-08 at 11.45.19.jpeg
		..\..\..\AppData\Local\Packages\5319275A.WhatsAppDesktop_cv1g1gvanyjgm\LocalState\sessions\FE97BEFCD4E6F2EC2EF7DD2D1ADFC4D6E546EA1E\transfers\2026-23\peugeot.png = ..\..\..\AppData\Local\Packages\5319275A.WhatsAppDesktop_cv1g1gvanyjgm\LocalState\sessions\FE97BEFCD4E6F2EC2EF7DD2D1ADFC4D6E546EA1E\transfers\2026-23\peugeot.png
		..\..\..\AppData\Local\Packages\5319275A.WhatsAppDesktop_cv1g1gvanyjgm\LocalState\sessions\FE97BEFCD4E6F2EC2EF7DD2D1ADFC4D6E546EA1E\transfers\2026-23\WhatsApp Image 2026-06-08 at 11.45.56.jpeg = ..\..\..\AppData\Local\Packages\5319275A.WhatsAppDesktop_cv1g1gvanyjgm\LocalState\sessions\FE97BEFCD4E6F2EC2EF7DD2D1ADFC4D6E546EA1E\transfers\2026-23\WhatsApp Image 2026-06-08 at 11.45.56.jpeg
		..\..\..\AppData\Local\Packages\5319275A.WhatsAppDesktop_cv1g1gvanyjgm\LocalState\sessions\FE97BEFCD4E6F2EC2EF7DD2D1ADFC4D6E546EA1E\transfers\2026-23\WhatsApp Image 2026-06-08 at 11.46.39.jpeg = ..\..\..\AppData\Local\Packages\5319275A.WhatsAppDesktop_cv1g1gvanyjgm\LocalState\sessions\FE97BEFCD4E6F2EC2EF7DD2D1ADFC4D6E546EA1E\transfers\2026-23\WhatsApp Image 2026-06-08 at 11.46.39.jpeg
		..\..\..\AppData\Local\Packages\5319275A.WhatsAppDesktop_cv1g1gvanyjgm\LocalState\sessions\FE97BEFCD4E6F2EC2EF7DD2D1ADFC4D6E546EA1E\transfers\2026-23\WhatsApp Image 2026-06-08 at 11.47.26.jpeg = ..\..\..\AppData\Local\Packages\5319275A.WhatsAppDesktop_cv1g1gvanyjgm\LocalState\sessions\FE97BEFCD4E6F2EC2EF7DD2D1ADFC4D6E546EA1E\transfers\2026-23\WhatsApp Image 2026-06-08 at 11.47.26.jpeg
		..\..\..\AppData\Local\Packages\5319275A.WhatsAppDesktop_cv1g1gvanyjgm\LocalState\sessions\FE97BEFCD4E6F2EC2EF7DD2D1ADFC4D6E546EA1E\transfers\2026-23\WhatsApp Image 2026-06-08 at 11.48.12.jpeg = ..\..\..\AppData\Local\Packages\5319275A.WhatsAppDesktop_cv1g1gvanyjgm\LocalState\sessions\FE97BEFCD4E6F2EC2EF7DD2D1ADFC4D6E546EA1E\transfers\2026-23\WhatsApp Image 2026-06-08 at 11.48.12.jpeg
	EndProjectSection
EndProject
Project("{FAE04EC0-301F-11D3-BF4B-00C04F79EFBC}") = "Servicios", "Servicios\Servicios.csproj", "{2F101EF7-6BE5-4D50-95FA-ED7A87185AB7}"
EndProject
Global
	GlobalSection(SolutionConfigurationPlatforms) = preSolution
		Debug|Any CPU = Debug|Any CPU
		Release|Any CPU = Release|Any CPU
	EndGlobalSection
	GlobalSection(ProjectConfigurationPlatforms) = postSolution
		{F2F39FB8-CAA0-4084-94F4-33A96084C611}.Debug|Any CPU.ActiveCfg = Debug|Any CPU
		{F2F39FB8-CAA0-4084-94F4-33A96084C611}.Debug|Any CPU.Build.0 = Debug|Any CPU
		{F2F39FB8-CAA0-4084-94F4-33A96084C611}.Release|Any CPU.ActiveCfg = Release|Any CPU
		{F2F39FB8-CAA0-4084-94F4-33A96084C611}.Release|Any CPU.Build.0 = Release|Any CPU
		{B779790C-2867-40C8-B6AA-C38916ECBFBE}.Debug|Any CPU.ActiveCfg = Debug|Any CPU
		{B779790C-2867-40C8-B6AA-C38916ECBFBE}.Debug|Any CPU.Build.0 = Debug|Any CPU
		{B779790C-2867-40C8-B6AA-C38916ECBFBE}.Release|Any CPU.ActiveCfg = Release|Any CPU
		{B779790C-2867-40C8-B6AA-C38916ECBFBE}.Release|Any CPU.Build.0 = Release|Any CPU
		{7C8DEDFA-B3D0-4FEF-BA8D-7DDFE889FE7C}.Debug|Any CPU.ActiveCfg = Debug|Any CPU
		{7C8DEDFA-B3D0-4FEF-BA8D-7DDFE889FE7C}.Debug|Any CPU.Build.0 = Debug|Any CPU
		{7C8DEDFA-B3D0-4FEF-BA8D-7DDFE889FE7C}.Release|Any CPU.ActiveCfg = Release|Any CPU
		{7C8DEDFA-B3D0-4FEF-BA8D-7DDFE889FE7C}.Release|Any CPU.Build.0 = Release|Any CPU
		{3A5C7458-2374-4E7E-98A4-1AF3D1049C51}.Debug|Any CPU.ActiveCfg = Debug|Any CPU
		{3A5C7458-2374-4E7E-98A4-1AF3D1049C51}.Debug|Any CPU.Build.0 = Debug|Any CPU
		{3A5C7458-2374-4E7E-98A4-1AF3D1049C51}.Release|Any CPU.ActiveCfg = Release|Any CPU
		{3A5C7458-2374-4E7E-98A4-1AF3D1049C51}.Release|Any CPU.Build.0 = Release|Any CPU
		{2F101EF7-6BE5-4D50-95FA-ED7A87185AB7}.Debug|Any CPU.ActiveCfg = Debug|Any CPU
		{2F101EF7-6BE5-4D50-95FA-ED7A87185AB7}.Debug|Any CPU.Build.0 = Debug|Any CPU
		{2F101EF7-6BE5-4D50-95FA-ED7A87185AB7}.Release|Any CPU.ActiveCfg = Release|Any CPU
		{2F101EF7-6BE5-4D50-95FA-ED7A87185AB7}.Release|Any CPU.Build.0 = Release|Any CPU
	EndGlobalSection
	GlobalSection(SolutionProperties) = preSolution
		HideSolutionNode = FALSE
	EndGlobalSection
	GlobalSection(ExtensibilityGlobals) = postSolution
		SolutionGuid = {A46FEF26-5D3F-476F-B33C-8F2D5CCB74CE}
	EndGlobalSection
EndGlobal
